
Microsoft Visual Studio Solution File, Format Version 12.00
# Visual Studio Version 16
VisualStudioVersion = 16.0.29905.134
MinimumVisualStudioVersion = 10.0.40219.1
Project("{FAE04EC0-301F-11D3-BF4B-00C04F79EFBC}") = "CatNameGenerator", "CatNameGenerator\CatNameGenerator.csproj", "{BE768961-E509-4A94-82A9-7697CF7D7A8D}"
EndProject
Global
	GlobalSection(SolutionConfigurationPlatforms) = preSolution
		Debug|Any CPU = Debug|Any CPU
		Release|Any CPU = Release|Any CPU
	EndGlobalSection
	GlobalSection(ProjectConfigurationPlatforms) = postSolution
		{BE768961-E509-4A94-82A9-7697CF7D7A8D}.Debug|Any CPU.ActiveCfg = Debug|Any CPU
		{BE768961-E509-4A94-82A9-7697CF7D7A8D}.Debug|Any CPU.Build.0 = Debug|Any CPU
		{BE768961-E509-4A94-82A9-7697CF7D7A8D}.Release|Any CPU.ActiveCfg = Release|Any CPU
		{BE768961-E509-4A94-82A9-7697CF7D7A8D}.Release|Any CPU.Build.0 = Release|Any CPU
	EndGlobalSection
	GlobalSection(SolutionProperties) = preSolution
		HideSolutionNode = FALSE
	EndGlobalSection
	GlobalSection(ExtensibilityGlobals) = postSolution
		SolutionGuid = {D20B422C-6150-46F4-A32C-8ACD3F3B5080}
	EndGlobalSection
EndGlobal
